# THIS IS AN AUTOGENERATED FILE. DO NOT EDIT THIS FILE DIRECTLY.
# yarn lockfile v1


lazysizes@^5.2.1:
  version "5.2.1"
  resolved "https://registry.yarnpkg.com/lazysizes/-/lazysizes-5.2.1.tgz#f450e36a995efb5817acb8c904f3d2f2efc29ffa"

smooth-scroll@^12.1.5:
  version "12.1.5"
  resolved "https://registry.yarnpkg.com/smooth-scroll/-/smooth-scroll-12.1.5.tgz#b6d8deca371a9edd5ea3ad291ef0fb7e741ed41e"
